<?xml version="1.0" encoding="UTF-8"?>
<Scheme
   LastUpgradeVersion = "1020"
   version = "1.7">
   <BuildAction
      parallelizeBuildables = "YES"
      buildImplicitDependencies = "YES">
      <PreActions>
         <ExecutionAction
            ActionType = "Xcode.IDEStandardExecutionActionsCore.ExecutionActionType.ShellScriptAction">
            <ActionContent
               title = "Injector script"
               scriptText = "#Read through variables file and store variables in associated array (dictionary)&#10;FILE=/Users/variables/variables.txt&#10;declare -gA variables&#10;if test -f &quot;$FILE&quot;; then&#10;while read line&#10;do &#10;key=$(echo $line | cut -d &apos; &apos; -f1)&#10;value=$(echo $line | cut -d &apos; &apos; -f2)&#10;variables[$key]=$value&#10;done &lt; $FILE&#10;&#10;#Force git to ignore environment swift file. &#10;git update-index --skip-worktree ${SRCROOT}/Traveler/Environment/Environment.swift&#10;&#10;#Open environment swift file and search for environment variables&#10;cat ${SRCROOT}/Traveler/Environment/Environment.swift | while read line&#10;do&#10;if [[ $line =~ \&quot;\$\(.*\)\&quot; ]]; then&#10;variable=$(echo $line | sed &apos;s/.*&quot;$(\([^&quot;]*\))&quot;.*/\1/&apos;)&#10;echo $variable&#10;echo ${variables[$variable]}&#10;sed -i &apos;&apos; -e &quot;s/\$($variable)/${variables[$variable]}/&quot; ${SRCROOT}/Traveler/Environment/Environment.swift&#10;fi&#10;done &#10;&#10;cat ${SRCROOT}/Traveler/Environment/Environment.swift&#10;else &#10;echo &quot;****--Warning: Variables file not found--****&quot;&#10;fi&#10;"
               shellToInvoke = "/usr/local/bin/bash&#10;/usr/local/bin/bash&#10;/usr/local/bin/bash&#10;/usr/local/bin/bash">
               <EnvironmentBuildable>
                  <BuildableReference
                     BuildableIdentifier = "primary"
                     BlueprintIdentifier = "CA12272022F0C25E00541F3A"
                     BuildableName = "gCrew local.app"
                     BlueprintName = "gCrew local"
                     ReferencedContainer = "container:Traveler.xcodeproj">
                  </BuildableReference>
               </EnvironmentBuildable>
            </ActionContent>
         </ExecutionAction>
      </PreActions>
      <PostActions>
         <ExecutionAction
            ActionType = "Xcode.IDEStandardExecutionActionsCore.ExecutionActionType.ShellScriptAction">
            <ActionContent
               title = "Reverse injector"
               scriptText = "#Open environment swift file and search for environment variables&#10;&#10;cat ${SRCROOT}/Traveler/Environment/Environment.swift | while read line&#10;&#10;do&#10;&#10;if [[ $line =~ \&quot;.*\&quot; ]]; then&#10;&#10;variable=$(echo $line | sed &apos;s/.*&quot;\([^&quot;]*\)&quot;.*/\1/&apos;)&#10;&#10;variableName=$(echo $line | sed &apos;s:.*//\(.*\):\1:&apos;)&#10;&#10;if [[ $variableName =~ \$.* ]]; then&#10;&#10;sed -i &apos;&apos; -e &quot;s/$variable/$variableName/&quot; ${SRCROOT}/Traveler/Environment/Environment.swift&#10;&#10;fi&#10;&#10;fi&#10;&#10;done &#10;&#10;cat ${SRCROOT}/Traveler/Environment/Environment.swift&#10;"
               shellToInvoke = "/usr/local/bin/bash&#10;/usr/local/bin/bash">
               <EnvironmentBuildable>
                  <BuildableReference
                     BuildableIdentifier = "primary"
                     BlueprintIdentifier = "CA12272022F0C25E00541F3A"
                     BuildableName = "gCrew local.app"
                     BlueprintName = "gCrew local"
                     ReferencedContainer = "container:Traveler.xcodeproj">
                  </BuildableReference>
               </EnvironmentBuildable>
            </ActionContent>
         </ExecutionAction>
      </PostActions>
      <BuildActionEntries>
         <BuildActionEntry
            buildForTesting = "YES"
            buildForRunning = "YES"
            buildForProfiling = "YES"
            buildForArchiving = "YES"
            buildForAnalyzing = "YES">
            <BuildableReference
               BuildableIdentifier = "primary"
               BlueprintIdentifier = "CA12272022F0C25E00541F3A"
               BuildableName = "gCrew local.app"
               BlueprintName = "gCrew local"
               ReferencedContainer = "container:Traveler.xcodeproj">
            </BuildableReference>
         </BuildActionEntry>
      </BuildActionEntries>
   </BuildAction>
   <TestAction
      buildConfiguration = "Debug"
      selectedDebuggerIdentifier = "Xcode.DebuggerFoundation.Debugger.LLDB"
      selectedLauncherIdentifier = "Xcode.DebuggerFoundation.Launcher.LLDB"
      shouldUseLaunchSchemeArgsEnv = "YES">
      <Testables>
      </Testables>
      <MacroExpansion>
         <BuildableReference
            BuildableIdentifier = "primary"
            BlueprintIdentifier = "CA12272022F0C25E00541F3A"
            BuildableName = "gCrew local.app"
            BlueprintName = "gCrew local"
            ReferencedContainer = "container:Traveler.xcodeproj">
         </BuildableReference>
      </MacroExpansion>
      <AdditionalOptions>
      </AdditionalOptions>
   </TestAction>
   <LaunchAction
      buildConfiguration = "Debug"
      selectedDebuggerIdentifier = "Xcode.DebuggerFoundation.Debugger.LLDB"
      selectedLauncherIdentifier = "Xcode.DebuggerFoundation.Launcher.LLDB"
      launchStyle = "0"
      useCustomWorkingDirectory = "NO"
      ignoresPersistentStateOnLaunch = "NO"
      debugDocumentVersioning = "YES"
      debugServiceExtension = "internal"
      allowLocationSimulation = "YES">
      <BuildableProductRunnable
         runnableDebuggingMode = "0">
         <BuildableReference
            BuildableIdentifier = "primary"
            BlueprintIdentifier = "CA12272022F0C25E00541F3A"
            BuildableName = "gCrew local.app"
            BlueprintName = "gCrew local"
            ReferencedContainer = "container:Traveler.xcodeproj">
         </BuildableReference>
      </BuildableProductRunnable>
      <AdditionalOptions>
      </AdditionalOptions>
   </LaunchAction>
   <ProfileAction
      buildConfiguration = "Release"
      shouldUseLaunchSchemeArgsEnv = "YES"
      savedToolIdentifier = ""
      useCustomWorkingDirectory = "NO"
      debugDocumentVersioning = "YES">
      <BuildableProductRunnable
         runnableDebuggingMode = "0">
         <BuildableReference
            BuildableIdentifier = "primary"
            BlueprintIdentifier = "CA12272022F0C25E00541F3A"
            BuildableName = "gCrew local.app"
            BlueprintName = "gCrew local"
            ReferencedContainer = "container:Traveler.xcodeproj">
         </BuildableReference>
      </BuildableProductRunnable>
   </ProfileAction>
   <AnalyzeAction
      buildConfiguration = "Debug">
   </AnalyzeAction>
   <ArchiveAction
      buildConfiguration = "Release"
      revealArchiveInOrganizer = "YES">
   </ArchiveAction>
</Scheme>
